Microsoft Visual Studio Solution File, Format Version 12.00
# Visual Studio Version 16
VisualStudioVersion = 16.0.0.0
MinimumVisualStudioVersion = 16.0.0.0
Project("{9A19103F-16F7-4668-BE54-9A1E7A4F7556}") = "NcpAdminBlazor.Client", "NcpAdminBlazor.Client\NcpAdminBlazor.Client.csproj", "{B113A88D-39E6-4BE5-BFC0-A8A8377BEFFF}"
EndProject
Project("{9A19103F-16F7-4668-BE54-9A1E7A4F7556}") = "NcpAdminBlazor.Client.Client", "NcpAdminBlazor.Client.Client\NcpAdminBlazor.Client.Client.csproj", "{9EE1FFC5-645C-4CD9-A0A8-F7C36D64ECA0}"
EndProject
Global
	GlobalSection(SolutionConfigurationPlatforms) = preSolution
		Debug|Any CPU = Debug|Any CPU
		Debug|x64 = Debug|x64
		Debug|x86 = Debug|x86
		Release|Any CPU = Release|Any CPU
		Release|x64 = Release|x64
		Release|x86 = Release|x86
	EndGlobalSection
	GlobalSection(ProjectConfigurationPlatforms) = postSolution
		{9EE1FFC5-645C-4CD9-A0A8-F7C36D64ECA0}.Debug|Any CPU.ActiveCfg = Debug|Any CPU
		{9EE1FFC5-645C-4CD9-A0A8-F7C36D64ECA0}.Debug|Any CPU.Build.0 = Debug|Any CPU
		{9EE1FFC5-645C-4CD9-A0A8-F7C36D64ECA0}.Debug|x64.ActiveCfg = Debug|Any CPU
		{9EE1FFC5-645C-4CD9-A0A8-F7C36D64ECA0}.Debug|x64.Build.0 = Debug|Any CPU
		{9EE1FFC5-645C-4CD9-A0A8-F7C36D64ECA0}.Debug|x86.ActiveCfg = Debug|Any CPU
		{9EE1FFC5-645C-4CD9-A0A8-F7C36D64ECA0}.Debug|x86.Build.0 = Debug|Any CPU
		{9EE1FFC5-645C-4CD9-A0A8-F7C36D64ECA0}.Release|Any CPU.ActiveCfg = Release|Any CPU
		{9EE1FFC5-645C-4CD9-A0A8-F7C36D64ECA0}.Release|Any CPU.Build.0 = Release|Any CPU
		{9EE1FFC5-645C-4CD9-A0A8-F7C36D64ECA0}.Release|x64.ActiveCfg = Release|Any CPU
		{9EE1FFC5-645C-4CD9-A0A8-F7C36D64ECA0}.Release|x64.Build.0 = Release|Any CPU
		{9EE1FFC5-645C-4CD9-A0A8-F7C36D64ECA0}.Release|x86.ActiveCfg = Release|Any CPU
		{9EE1FFC5-645C-4CD9-A0A8-F7C36D64ECA0}.Release|x86.Build.0 = Release|Any CPU
		{B113A88D-39E6-4BE5-BFC0-A8A8377BEFFF}.Debug|Any CPU.ActiveCfg = Debug|Any CPU
		{B113A88D-39E6-4BE5-BFC0-A8A8377BEFFF}.Debug|Any CPU.Build.0 = Debug|Any CPU
		{B113A88D-39E6-4BE5-BFC0-A8A8377BEFFF}.Debug|x64.ActiveCfg = Debug|Any CPU
		{B113A88D-39E6-4BE5-BFC0-A8A8377BEFFF}.Debug|x64.Build.0 = Debug|Any CPU
		{B113A88D-39E6-4BE5-BFC0-A8A8377BEFFF}.Debug|x86.ActiveCfg = Debug|Any CPU
		{B113A88D-39E6-4BE5-BFC0-A8A8377BEFFF}.Debug|x86.Build.0 = Debug|Any CPU
		{B113A88D-39E6-4BE5-BFC0-A8A8377BEFFF}.Release|Any CPU.ActiveCfg = Release|Any CPU
		{B113A88D-39E6-4BE5-BFC0-A8A8377BEFFF}.Release|Any CPU.Build.0 = Release|Any CPU
		{B113A88D-39E6-4BE5-BFC0-A8A8377BEFFF}.Release|x64.ActiveCfg = Release|Any CPU
		{B113A88D-39E6-4BE5-BFC0-A8A8377BEFFF}.Release|x64.Build.0 = Release|Any CPU
		{B113A88D-39E6-4BE5-BFC0-A8A8377BEFFF}.Release|x86.ActiveCfg = Release|Any CPU
		{B113A88D-39E6-4BE5-BFC0-A8A8377BEFFF}.Release|x86.Build.0 = Release|Any CPU
	EndGlobalSection
	GlobalSection(SolutionProperties) = preSolution
		HideSolutionNode = FALSE
	EndGlobalSection
	GlobalSection(ExtensibilityGlobals) = postSolution
		SolutionGuid = {52C347FD-B6C0-4359-8600-AA47DE02F904}
	EndGlobalSection
EndGlobal
